
Microsoft Visual Studio Solution File, Format Version 12.00
# Visual Studio Version 16
VisualStudioVersion = 16.0.32602.291
MinimumVisualStudioVersion = 10.0.40219.1
Project("{9A19103F-16F7-4668-BE54-9A1E7A4F7556}") = "SynapseRealTimeSync", "SynapseRealTimeSync.csproj", "{8404FFA8-533E-4673-A210-763E02A52F0A}"
EndProject
Global
	GlobalSection(SolutionConfigurationPlatforms) = preSolution
		Debug|Any CPU = Debug|Any CPU
		Release|Any CPU = Release|Any CPU
	EndGlobalSection
	GlobalSection(ProjectConfigurationPlatforms) = postSolution
		{8404FFA8-533E-4673-A210-763E02A52F0A}.Debug|Any CPU.ActiveCfg = Debug|Any CPU
		{8404FFA8-533E-4673-A210-763E02A52F0A}.Debug|Any CPU.Build.0 = Debug|Any CPU
		{8404FFA8-533E-4673-A210-763E02A52F0A}.Release|Any CPU.ActiveCfg = Release|Any CPU
		{8404FFA8-533E-4673-A210-763E02A52F0A}.Release|Any CPU.Build.0 = Release|Any CPU
	EndGlobalSection
	GlobalSection(SolutionProperties) = preSolution
		HideSolutionNode = FALSE
	EndGlobalSection
	GlobalSection(ExtensibilityGlobals) = postSolution
		SolutionGuid = {7151F0C5-62FC-487E-A7F9-EBD8F3C839EE}
	EndGlobalSection
EndGlobal
